# Generated by pub
# See https://dart.dev/tools/pub/glossary#lockfile
packages:
  archive:
    dependency: transitive
    description:
      name: archive
      sha256: "6c5bcd986e06b94e3c40244af471750840a3d2341d1f9763a1100a14add517b4"
      url: "https://pub.dev"
    source: hosted
    version: "4.3.0"
  async:
    dependency: transitive
    description:
      name: async
      sha256: "947bfcf187f74dbc5e146c9eb9c0f10c9f8b30743e341481c1e2ed3ecc18c20c"
      url: "https://pub.dev"
    source: hosted
    version: "2.11.0"
  boolean_selector:
    dependency: transitive
    description:
      name: boolean_selector
      sha256: "6cfb5af12253eaf2b368f07bacc5a80d1301a071c73360d746b7f2e32d762c66"
      url: "https://pub.dev"
    source: hosted
    version: "2.1.1"
  characters:
    dependency: transitive
    description:
      name: characters
      sha256: faf38497bda5ead2a8c7615f4f7939df04333478bf32e4173fcb06d428b5716b
      url: "https://pub.dev"
    source: hosted
    version: "1.4.1"
  clock:
    dependency: transitive
    description:
      name: clock
      sha256: e51d50bca3217c9a9fa2b41a30e4a38971133f5f9ec7a3d57bae095007f1d28e
      url: "https://pub.dev"
    source: hosted
    version: "1.1.3"
  collection:
    dependency: transitive
    description:
      name: collection
      sha256: "2f5709ae4d3d59dd8f7cd309b4e023046b57d8a6c82130785d2b0e5868084e76"
      url: "https://pub.dev"
    source: hosted
    version: "1.19.1"
  crypto:
    dependency: transitive
    description:
      name: crypto
      sha256: c8ea0233063ba03258fbcf2ca4d6dadfefe14f02fab57702265467a19f27fadf
      url: "https://pub.dev"
    source: hosted
    version: "3.0.7"
  cupertino_icons:
    dependency: "direct main"
    description:
      name: cupertino_icons
      sha256: ba631d1c7f7bef6b729a622b7b752645a2d076dba9976925b8f25725a30e1ee6
      url: "https://pub.dev"
    source: hosted
    version: "1.0.8"
  dylib:
    dependency: transitive
    description:
      name: dylib
      sha256: bf609b3eb6492a3309b3d1dbe8f83a4031de5535dd7686be33487051cc760bb0
      url: "https://pub.dev"
    source: hosted
    version: "0.3.3"
  equatable:
    dependency: transitive
    description:
      name: equatable
      sha256: "3bce007a596ff8b3119c45d68aaef631272537c03d30e5d4534dd24bf4c5eaa2"
      url: "https://pub.dev"
    source: hosted
    version: "2.1.0"
  fake_async:
    dependency: transitive
    description:
      name: fake_async
      sha256: "5368f224a74523e8d2e7399ea1638b37aecfca824a3cc4dfdf77bf1fa905ac44"
      url: "https://pub.dev"
    source: hosted
    version: "1.3.3"
  ffi:
    dependency: transitive
    description:
      name: ffi
      sha256: "6d7fd89431262d8f3125e81b50d3847a091d846eafcd4fdb88dd06f36d705a45"
      url: "https://pub.dev"
    source: hosted
    version: "2.2.0"
  fixnum:
    dependency: transitive
    description:
      name: fixnum
      sha256: b6dc7065e46c974bc7c5f143080a6764ec7a4be6da1285ececdc37be96de53be
      url: "https://pub.dev"
    source: hosted
    version: "1.1.1"
  fl_chart:
    dependency: "direct main"
    description:
      name: fl_chart
      sha256: b938f77d042cbcd822936a7a359a7235bad8bd72070de1f827efc2cc297ac888
      url: "https://pub.dev"
    source: hosted
    version: "1.2.0"
  flutter:
    dependency: "direct main"
    description: flutter
    source: sdk
    version: "0.0.0"
  flutter_angle:
    dependency: transitive
    description:
      name: flutter_angle
      sha256: "63e596f964cb5952ed3b891a344e459514380fd3536b6d513af3237640ecc0e1"
      url: "https://pub.dev"
    source: hosted
    version: "0.4.2"
  flutter_lints:
    dependency: "direct dev"
    description:
      name: flutter_lints
      sha256: "3f41d009ba7172d5ff9be5f6e6e6abb4300e263aab8866d2a0842ed2a70f8f0c"
      url: "https://pub.dev"
    source: hosted
    version: "4.0.0"
  flutter_test:
    dependency: "direct dev"
    description: flutter
    source: sdk
    version: "0.0.0"
  flutter_web_plugins:
    dependency: transitive
    description: flutter
    source: sdk
    version: "0.0.0"
  http:
    dependency: "direct main"
    description:
      name: http
      sha256: "87721a4a50b19c7f1d49001e51409bddc46303966ce89a65af4f4e6004896412"
      url: "https://pub.dev"
    source: hosted
    version: "1.6.0"
  http_parser:
    dependency: transitive
    description:
      name: http_parser
      sha256: "178d74305e7866013777bab2c3d8726205dc5a4dd935297175b19a23a2e66571"
      url: "https://pub.dev"
    source: hosted
    version: "4.1.2"
  image:
    dependency: transitive
    description:
      name: image
      sha256: a1e7f4951e538a568e14b856702afc9ae1d2f4b202daced8d22c1b9cd211ce89
      url: "https://pub.dev"
    source: hosted
    version: "4.10.1"
  leak_tracker:
    dependency: transitive
    description:
      name: leak_tracker
      sha256: "33e2e26bdd85a0112ec15400c8cbffea70d0f9c3407491f672a2fad47915e2de"
      url: "https://pub.dev"
    source: hosted
    version: "11.0.2"
  leak_tracker_flutter_testing:
    dependency: transitive
    description:
      name: leak_tracker_flutter_testing
      sha256: "1dbc140bb5a23c75ea9c4811222756104fbcd1a27173f0c34ca01e16bea473c1"
      url: "https://pub.dev"
    source: hosted
    version: "3.0.10"
  leak_tracker_testing:
    dependency: transitive
    description:
      name: leak_tracker_testing
      sha256: "8d5a2d49f4a66b49744b23b018848400d23e54caf9463f4eb20df3eb8acb2eb1"
      url: "https://pub.dev"
    source: hosted
    version: "3.0.2"
  lints:
    dependency: transitive
    description:
      name: lints
      sha256: "976c774dd944a42e83e2467f4cc670daef7eed6295b10b36ae8c85bcbf828235"
      url: "https://pub.dev"
    source: hosted
    version: "4.0.0"
  logger:
    dependency: transitive
    description:
      name: logger
      sha256: "2a0dc097e7b01d942475bdd552356db2d0f768b05540bd4b2b53f1840f2239a7"
      url: "https://pub.dev"
    source: hosted
    version: "2.8.0"
  matcher:
    dependency: transitive
    description:
      name: matcher
      sha256: "31bd099b47c10cd1aeb55146a2d46ce0277630ecef3f7dae54ad7873f36696cd"
      url: "https://pub.dev"
    source: hosted
    version: "0.12.20"
  material_color_utilities:
    dependency: transitive
    description:
      name: material_color_utilities
      sha256: "9c337007e82b1889149c82ed242ed1cb24a66044e30979c44912381e9be4c48b"
      url: "https://pub.dev"
    source: hosted
    version: "0.13.0"
  meta:
    dependency: transitive
    description:
      name: meta
      sha256: "307249ce4ff29d58a18e97f6345f539382eb9c9c29ecda628900f31de0443dd9"
      url: "https://pub.dev"
    source: hosted
    version: "1.19.0"
  opentype_dart:
    dependency: transitive
    description:
      name: opentype_dart
      sha256: "4bd96aeed494289a87e92bde20afe60f59648dcef253c0a7159b65ffa23899dc"
      url: "https://pub.dev"
    source: hosted
    version: "0.0.1"
  path:
    dependency: transitive
    description:
      name: path
      sha256: "75cca69d1490965be98c73ceaea117e8a04dd21217b37b292c9ddbec0d955bc5"
      url: "https://pub.dev"
    source: hosted
    version: "1.9.1"
  petitparser:
    dependency: transitive
    description:
      name: petitparser
      sha256: "2f1564aadb14215e478563b5406cb80729d022158c01dc50c96013c2f7eb4790"
      url: "https://pub.dev"
    source: hosted
    version: "7.1.0"
  platform:
    dependency: transitive
    description:
      name: platform
      sha256: a36d119c13416516a7b5913fbe8af8531e11633d784c550b2125f76c758524ec
      url: "https://pub.dev"
    source: hosted
    version: "3.2.0"
  posix:
    dependency: transitive
    description:
      name: posix
      sha256: bc1bad54ad2b735816e31f8d4600cfde6c7839975085ddfbca48b6c9f7c4044e
      url: "https://pub.dev"
    source: hosted
    version: "6.5.2"
  sky_engine:
    dependency: transitive
    description: flutter
    source: sdk
    version: "0.0.0"
  source_span:
    dependency: transitive
    description:
      name: source_span
      sha256: "53e943d4206a5e30df338fd4c6e7a077e02254531b138a15aec3bd143c1a8b3c"
      url: "https://pub.dev"
    source: hosted
    version: "1.10.0"
  stack_trace:
    dependency: transitive
    description:
      name: stack_trace
      sha256: "277654b3034d17ac6f9f1cb5595db011b1d5d41e8806866db28e0abaa101c490"
      url: "https://pub.dev"
    source: hosted
    version: "1.12.2"
  stream_channel:
    dependency: transitive
    description:
      name: stream_channel
      sha256: "969e04c80b8bcdf826f8f16579c7b14d780458bd97f56d107d3950fdbeef059d"
      url: "https://pub.dev"
    source: hosted
    version: "2.1.4"
  string_scanner:
    dependency: transitive
    description:
      name: string_scanner
      sha256: "556692adab6cfa87322a115640c11f13cb77b3f076ddcc5d6ae3c20242bedcde"
      url: "https://pub.dev"
    source: hosted
    version: "1.2.0"
  term_glyph:
    dependency: transitive
    description:
      name: term_glyph
      sha256: a29248a84fbb7c79282b40b8c72a1209db169a2e0542bce341da992fe1bc7e84
      url: "https://pub.dev"
    source: hosted
    version: "1.2.1"
  test_api:
    dependency: transitive
    description:
      name: test_api
      sha256: "2a122cbe059f8b610d3a5415f42e255b6c17b1f21eee1d960f31080237fb4f11"
      url: "https://pub.dev"
    source: hosted
    version: "0.7.12"
  three_js:
    dependency: "direct main"
    description:
      name: three_js
      sha256: eb0ac22a092188f00220e9b505b25287d3fb4a835bca47f0b8787e1651197b4c
      url: "https://pub.dev"
    source: hosted
    version: "0.3.0"
  three_js_advanced_loaders:
    dependency: transitive
    description:
      name: three_js_advanced_loaders
      sha256: fab9ade9ee16c8c43ad98783eb87090f1342a74e987a5e5329bf67f42d07cef9
      url: "https://pub.dev"
    source: hosted
    version: "0.3.0"
  three_js_angle_renderer:
    dependency: transitive
    description:
      name: three_js_angle_renderer
      sha256: "2f2334f2289c939888db7229eb8698a3e3c307493413735de11703dd97dce3f3"
      url: "https://pub.dev"
    source: hosted
    version: "0.0.1"
  three_js_animations:
    dependency: transitive
    description:
      name: three_js_animations
      sha256: "7a0763b1531e2e7321b46b529e33310e258f08d2124de0b6b6d6688daffe08f3"
      url: "https://pub.dev"
    source: hosted
    version: "0.3.0"
  three_js_controls:
    dependency: transitive
    description:
      name: three_js_controls
      sha256: c2c7beeb8dd4faab8a2a85134f5b9cab0fb6a088dc69e8ec6dd6e0953340ffd1
      url: "https://pub.dev"
    source: hosted
    version: "0.3.0"
  three_js_core:
    dependency: transitive
    description:
      name: three_js_core
      sha256: "550a9a9c3c61c51b62805830d0dca79392e7592a3b1652334f6b8da322100ca1"
      url: "https://pub.dev"
    source: hosted
    version: "0.3.0"
  three_js_core_loaders:
    dependency: transitive
    description:
      name: three_js_core_loaders
      sha256: "53a5df2c44fe721b0a791a3ddad02774c20174bd50f9b9c94cf620b2369a8f61"
      url: "https://pub.dev"
    source: hosted
    version: "0.3.0"
  three_js_curves:
    dependency: transitive
    description:
      name: three_js_curves
      sha256: a1510a58b5e80b2a4f5d6402669d467ac3dc85294151ad9f4880d610594c07a5
      url: "https://pub.dev"
    source: hosted
    version: "0.3.0"
  three_js_geometry:
    dependency: transitive
    description:
      name: three_js_geometry
      sha256: "1572a040d7037531057ea02bfa6df7ac93ead8f718f5d31d8727df4e7f878f0a"
      url: "https://pub.dev"
    source: hosted
    version: "0.3.0"
  three_js_math:
    dependency: transitive
    description:
      name: three_js_math
      sha256: "8b037cc90638971aec148d33b5fa7d59d33b778b6e0563a4203282a0e12a90d0"
      url: "https://pub.dev"
    source: hosted
    version: "0.3.0"
  three_js_sensors:
    dependency: transitive
    description:
      name: three_js_sensors
      sha256: "07f8fa9866cafdea3b8e7ccf03f0383226fc950426db59f0a68c617c8cdf5bb8"
      url: "https://pub.dev"
    source: hosted
    version: "0.2.0"
  three_js_simple_loaders:
    dependency: transitive
    description:
      name: three_js_simple_loaders
      sha256: "57d7496f8c5ac51cf885243d6b6b8f063eacc8c35041a88ffb846b9927f10dab"
      url: "https://pub.dev"
    source: hosted
    version: "0.3.0"
  three_js_text:
    dependency: transitive
    description:
      name: three_js_text
      sha256: "30ac3e8d7a9a75cb19e6591511657056278f812fe96f3b9f64351c95c5b7383e"
      url: "https://pub.dev"
    source: hosted
    version: "0.3.0"
  typed_data:
    dependency: transitive
    description:
      name: typed_data
      sha256: f9049c039ebfeb4cf7a7104a675823cd72dba8297f264b6637062516699fa006
      url: "https://pub.dev"
    source: hosted
    version: "1.4.0"
  uuid:
    dependency: transitive
    description:
      name: uuid
      sha256: "9b129329f58692f6e6578329498a8fe9fbe98f090beb764ffbb8ee2eadd01dcd"
      url: "https://pub.dev"
    source: hosted
    version: "4.6.0"
  vector_math:
    dependency: transitive
    description:
      name: vector_math
      sha256: f36f9f3be64c6198714492bb455c11056e33e2f85d9a0b676a48301e44fdcf47
      url: "https://pub.dev"
    source: hosted
    version: "2.4.2"
  vm_service:
    dependency: transitive
    description:
      name: vm_service
      sha256: "5c5f338a667b4c644744b661f309fb8080bb94b18a7e91ef1dbd343bed00ed6d"
      url: "https://pub.dev"
    source: hosted
    version: "14.2.5"
  web:
    dependency: transitive
    description:
      name: web
      sha256: "868d88a33d8a87b18ffc05f9f030ba328ffefba92d6c127917a2ba740f9cfe4a"
      url: "https://pub.dev"
    source: hosted
    version: "1.1.1"
  xml:
    dependency: transitive
    description:
      name: xml
      sha256: "971043b3a0d3da28727e40ed3e0b5d18b742fa5a68665cca88e74b7876d5e025"
      url: "https://pub.dev"
    source: hosted
    version: "6.6.1"
sdks:
  dart: ">=3.13.0 <4.0.0"
  flutter: ">=3.27.4"
